
Microsoft Visual Studio Solution File, Format Version 12.00
# Visual Studio Version 17
VisualStudioVersion = 17.0.31903.59
MinimumVisualStudioVersion = 10.0.40219.1
Project("{FAE04EC0-301F-11D3-BF4B-00C04F79EFBC}") = "Api", "Api\Api.csproj", "{AB6490BE-8E94-45D2-862B-07BCDD3F0E83}"
EndProject
Project("{FAE04EC0-301F-11D3-BF4B-00C04F79EFBC}") = "DAL", "DAL\DAL.csproj", "{F34ED546-9830-41A3-A305-D7EF2D87F597}"
EndProject
Project("{FAE04EC0-301F-11D3-BF4B-00C04F79EFBC}") = "BL", "BL\BL.csproj", "{F79E57A5-6BB0-463B-A7F4-3D36879AA546}"
EndProject
Project("{FAE04EC0-301F-11D3-BF4B-00C04F79EFBC}") = "Tests", "Tests\Tests.csproj", "{058016AD-1BE4-4EA4-BF5C-A73C904D794D}"
EndProject
Global
	GlobalSection(SolutionConfigurationPlatforms) = preSolution
		Debug|Any CPU = Debug|Any CPU
		Release|Any CPU = Release|Any CPU
	EndGlobalSection
	GlobalSection(SolutionProperties) = preSolution
		HideSolutionNode = FALSE
	EndGlobalSection
	GlobalSection(ProjectConfigurationPlatforms) = postSolution
		{AB6490BE-8E94-45D2-862B-07BCDD3F0E83}.Debug|Any CPU.ActiveCfg = Debug|Any CPU
		{AB6490BE-8E94-45D2-862B-07BCDD3F0E83}.Debug|Any CPU.Build.0 = Debug|Any CPU
		{AB6490BE-8E94-45D2-862B-07BCDD3F0E83}.Release|Any CPU.ActiveCfg = Release|Any CPU
		{AB6490BE-8E94-45D2-862B-07BCDD3F0E83}.Release|Any CPU.Build.0 = Release|Any CPU
		{F34ED546-9830-41A3-A305-D7EF2D87F597}.Debug|Any CPU.ActiveCfg = Debug|Any CPU
		{F34ED546-9830-41A3-A305-D7EF2D87F597}.Debug|Any CPU.Build.0 = Debug|Any CPU
		{F34ED546-9830-41A3-A305-D7EF2D87F597}.Release|Any CPU.ActiveCfg = Release|Any CPU
		{F34ED546-9830-41A3-A305-D7EF2D87F597}.Release|Any CPU.Build.0 = Release|Any CPU
		{F79E57A5-6BB0-463B-A7F4-3D36879AA546}.Debug|Any CPU.ActiveCfg = Debug|Any CPU
		{F79E57A5-6BB0-463B-A7F4-3D36879AA546}.Debug|Any CPU.Build.0 = Debug|Any CPU
		{F79E57A5-6BB0-463B-A7F4-3D36879AA546}.Release|Any CPU.ActiveCfg = Release|Any CPU
		{F79E57A5-6BB0-463B-A7F4-3D36879AA546}.Release|Any CPU.Build.0 = Release|Any CPU
		{058016AD-1BE4-4EA4-BF5C-A73C904D794D}.Debug|Any CPU.ActiveCfg = Debug|Any CPU
		{058016AD-1BE4-4EA4-BF5C-A73C904D794D}.Debug|Any CPU.Build.0 = Debug|Any CPU
		{058016AD-1BE4-4EA4-BF5C-A73C904D794D}.Release|Any CPU.ActiveCfg = Release|Any CPU
		{058016AD-1BE4-4EA4-BF5C-A73C904D794D}.Release|Any CPU.Build.0 = Release|Any CPU
	EndGlobalSection
EndGlobal
